<?xml version="1.0" encoding="UTF-8"?>
<!DOCTYPE plist PUBLIC "-//Apple//DTD PLIST 1.0//EN" "http://www.apple.com/DTDs/PropertyList-1.0.dtd">
<plist version="1.0">
<dict>
	<key>archiveVersion</key>
	<string>1</string>
	<key>classes</key>
	<dict/>
	<key>objectVersion</key>
	<string>46</string>
	<key>objects</key>
	<dict>
		<key>1C2B01526DDD8F3D52F6DCA9</key>
		<dict>
			<key>explicitFileType</key>
			<string>archive.ar</string>
			<key>includeInIndex</key>
			<string>0</string>
			<key>isa</key>
			<string>PBXFileReference</string>
			<key>path</key>
			<string>libPods.a</string>
			<key>sourceTree</key>
			<string>BUILT_PRODUCTS_DIR</string>
		</dict>
		<key>2FCE0D94BF02FC1606869230</key>
		<dict>
			<key>children</key>
			<array>
				<string>D5FCABF7E81F3417A22FA6C2</string>
				<string>E59C338037BB3BD781D11215</string>
			</array>
			<key>isa</key>
			<string>PBXGroup</string>
			<key>name</key>
			<string>Pods</string>
			<key>sourceTree</key>
			<string>&lt;group&gt;</string>
		</dict>
		<key>A225925770274D4519BE3CDF</key>
		<dict>
			<key>buildActionMask</key>
			<string>2147483647</string>
			<key>files</key>
			<array/>
			<key>inputPaths</key>
			<array/>
			<key>isa</key>
			<string>PBXShellScriptBuildPhase</string>
			<key>name</key>
			<string>Check Pods Manifest.lock</string>
			<key>outputPaths</key>
			<array/>
			<key>runOnlyForDeploymentPostprocessing</key>
			<string>0</string>
			<key>shellPath</key>
			<string>/bin/sh</string>
			<key>shellScript</key>
			<string>diff "${PODS_ROOT}/../Podfile.lock" "${PODS_ROOT}/Manifest.lock" &gt; /dev/null
if [[ $? != 0 ]] ; then
    cat &lt;&lt; EOM
error: The sandbox is not in sync with the Podfile.lock. Run 'pod install' or update your CocoaPods installation.
EOM
    exit 1
fi
</string>
			<key>showEnvVarsInLog</key>
			<string>0</string>
		</dict>
		<key>BEDD62D7116B980828FFF3DC</key>
		<dict>
			<key>fileRef</key>
			<string>1C2B01526DDD8F3D52F6DCA9</string>
			<key>isa</key>
			<string>PBXBuildFile</string>
		</dict>
		<key>CC7BC0F95004A177289DC01A</key>
		<dict>
			<key>buildActionMask</key>
			<string>2147483647</string>
			<key>files</key>
			<array/>
			<key>inputPaths</key>
			<array/>
			<key>isa</key>
			<string>PBXShellScriptBuildPhase</string>
			<key>name</key>
			<string>Copy Pods Resources</string>
			<key>outputPaths</key>
			<array/>
			<key>runOnlyForDeploymentPostprocessing</key>
			<string>0</string>
			<key>shellPath</key>
			<string>/bin/sh</string>
			<key>shellScript</key>
			<string>"${SRCROOT}/Pods/Target Support Files/Pods/Pods-resources.sh"
</string>
			<key>showEnvVarsInLog</key>
			<string>0</string>
		</dict>
		<key>D5FCABF7E81F3417A22FA6C2</key>
		<dict>
			<key>includeInIndex</key>
			<string>1</string>
			<key>isa</key>
			<string>PBXFileReference</string>
			<key>lastKnownFileType</key>
			<string>text.xcconfig</string>
			<key>name</key>
			<string>Pods.debug.xcconfig</string>
			<key>path</key>
			<string>Pods/Target Support Files/Pods/Pods.debug.xcconfig</string>
			<key>sourceTree</key>
			<string>&lt;group&gt;</string>
		</dict>
		<key>E59C338037BB3BD781D11215</key>
		<dict>
			<key>includeInIndex</key>
			<string>1</string>
			<key>isa</key>
			<string>PBXFileReference</string>
			<key>lastKnownFileType</key>
			<string>text.xcconfig</string>
			<key>name</key>
			<string>Pods.release.xcconfig</string>
			<key>path</key>
			<string>Pods/Target Support Files/Pods/Pods.release.xcconfig</string>
			<key>sourceTree</key>
			<string>&lt;group&gt;</string>
		</dict>
		<key>FAA26DB11A1C13CD00C1E759</key>
		<dict>
			<key>children</key>
			<array>
				<string>FAA26DC31A1C13CD00C1E759</string>
				<string>FAA26DE21A1C13CD00C1E759</string>
				<string>FAA26DBC1A1C13CD00C1E759</string>
				<string>FAA26DBB1A1C13CD00C1E759</string>
				<string>2FCE0D94BF02FC1606869230</string>
			</array>
			<key>isa</key>
			<string>PBXGroup</string>
			<key>sourceTree</key>
			<string>&lt;group&gt;</string>
		</dict>
		<key>FAA26DB21A1C13CD00C1E759</key>
		<dict>
			<key>attributes</key>
			<dict>
				<key>CLASSPREFIX</key>
				<string>AM</string>
				<key>LastUpgradeCheck</key>
				<string>0510</string>
				<key>ORGANIZATIONNAME</key>
				<string>Gansta_les</string>
				<key>TargetAttributes</key>
				<dict>
					<key>FAA26DDA1A1C13CD00C1E759</key>
					<dict>
						<key>TestTargetID</key>
						<string>FAA26DB91A1C13CD00C1E759</string>
					</dict>
				</dict>
			</dict>
			<key>buildConfigurationList</key>
			<string>FAA26DB51A1C13CD00C1E759</string>
			<key>compatibilityVersion</key>
			<string>Xcode 3.2</string>
			<key>developmentRegion</key>
			<string>English</string>
			<key>hasScannedForEncodings</key>
			<string>0</string>
			<key>isa</key>
			<string>PBXProject</string>
			<key>knownRegions</key>
			<array>
				<string>en</string>
				<string>Base</string>
			</array>
			<key>mainGroup</key>
			<string>FAA26DB11A1C13CD00C1E759</string>
			<key>productRefGroup</key>
			<string>FAA26DBB1A1C13CD00C1E759</string>
			<key>projectDirPath</key>
			<string></string>
			<key>projectReferences</key>
			<array/>
			<key>projectRoot</key>
			<string></string>
			<key>targets</key>
			<array>
				<string>FAA26DB91A1C13CD00C1E759</string>
				<string>FAA26DDA1A1C13CD00C1E759</string>
			</array>
		</dict>
		<key>FAA26DB51A1C13CD00C1E759</key>
		<dict>
			<key>buildConfigurations</key>
			<array>
				<string>FAA26DEA1A1C13CD00C1E759</string>
				<string>FAA26DEB1A1C13CD00C1E759</string>
			</array>
			<key>defaultConfigurationIsVisible</key>
			<string>0</string>
			<key>defaultConfigurationName</key>
			<string>Release</string>
			<key>isa</key>
			<string>XCConfigurationList</string>
		</dict>
		<key>FAA26DB61A1C13CD00C1E759</key>
		<dict>
			<key>buildActionMask</key>
			<string>2147483647</string>
			<key>files</key>
			<array>
				<string>FAA26DCE1A1C13CD00C1E759</string>
				<string>FAA26DD41A1C13CD00C1E759</string>
				<string>FAA26DCA1A1C13CD00C1E759</string>
			</array>
			<key>isa</key>
			<string>PBXSourcesBuildPhase</string>
			<key>runOnlyForDeploymentPostprocessing</key>
			<string>0</string>
		</dict>
		<key>FAA26DB71A1C13CD00C1E759</key>
		<dict>
			<key>buildActionMask</key>
			<string>2147483647</string>
			<key>files</key>
			<array>
				<string>FAA26DC01A1C13CD00C1E759</string>
				<string>FAA26DC21A1C13CD00C1E759</string>
				<string>FAA26DBE1A1C13CD00C1E759</string>
				<string>BEDD62D7116B980828FFF3DC</string>
			</array>
			<key>isa</key>
			<string>PBXFrameworksBuildPhase</string>
			<key>runOnlyForDeploymentPostprocessing</key>
			<string>0</string>
		</dict>
		<key>FAA26DB81A1C13CD00C1E759</key>
		<dict>
			<key>buildActionMask</key>
			<string>2147483647</string>
			<key>files</key>
			<array>
				<string>FAA26DD61A1C13CD00C1E759</string>
				<string>FAA26DC81A1C13CD00C1E759</string>
				<string>FAA26DD11A1C13CD00C1E759</string>
			</array>
			<key>isa</key>
			<string>PBXResourcesBuildPhase</string>
			<key>runOnlyForDeploymentPostprocessing</key>
			<string>0</string>
		</dict>
		<key>FAA26DB91A1C13CD00C1E759</key>
		<dict>
			<key>buildConfigurationList</key>
			<string>FAA26DEC1A1C13CD00C1E759</string>
			<key>buildPhases</key>
			<array>
				<string>A225925770274D4519BE3CDF</string>
				<string>FAA26DB61A1C13CD00C1E759</string>
				<string>FAA26DB71A1C13CD00C1E759</string>
				<string>FAA26DB81A1C13CD00C1E759</string>
				<string>CC7BC0F95004A177289DC01A</string>
			</array>
			<key>buildRules</key>
			<array/>
			<key>dependencies</key>
			<array/>
			<key>isa</key>
			<string>PBXNativeTarget</string>
			<key>name</key>
			<string>RSSReader</string>
			<key>productName</key>
			<string>RSSReader</string>
			<key>productReference</key>
			<string>FAA26DBA1A1C13CD00C1E759</string>
			<key>productType</key>
			<string>com.apple.product-type.application</string>
		</dict>
		<key>FAA26DBA1A1C13CD00C1E759</key>
		<dict>
			<key>explicitFileType</key>
			<string>wrapper.application</string>
			<key>includeInIndex</key>
			<string>0</string>
			<key>isa</key>
			<string>PBXFileReference</string>
			<key>path</key>
			<string>RSSReader.app</string>
			<key>sourceTree</key>
			<string>BUILT_PRODUCTS_DIR</string>
		</dict>
		<key>FAA26DBB1A1C13CD00C1E759</key>
		<dict>
			<key>children</key>
			<array>
				<string>FAA26DBA1A1C13CD00C1E759</string>
				<string>FAA26DDB1A1C13CD00C1E759</string>
			</array>
			<key>isa</key>
			<string>PBXGroup</string>
			<key>name</key>
			<string>Products</string>
			<key>sourceTree</key>
			<string>&lt;group&gt;</string>
		</dict>
		<key>FAA26DBC1A1C13CD00C1E759</key>
		<dict>
			<key>children</key>
			<array>
				<string>FAA26DBD1A1C13CD00C1E759</string>
				<string>FAA26DBF1A1C13CD00C1E759</string>
				<string>FAA26DC11A1C13CD00C1E759</string>
				<string>FAA26DDC1A1C13CD00C1E759</string>
				<string>1C2B01526DDD8F3D52F6DCA9</string>
			</array>
			<key>isa</key>
			<string>PBXGroup</string>
			<key>name</key>
			<string>Frameworks</string>
			<key>sourceTree</key>
			<string>&lt;group&gt;</string>
		</dict>
		<key>FAA26DBD1A1C13CD00C1E759</key>
		<dict>
			<key>isa</key>
			<string>PBXFileReference</string>
			<key>lastKnownFileType</key>
			<string>wrapper.framework</string>
			<key>name</key>
			<string>Foundation.framework</string>
			<key>path</key>
			<string>System/Library/Frameworks/Foundation.framework</string>
			<key>sourceTree</key>
			<string>SDKROOT</string>
		</dict>
		<key>FAA26DBE1A1C13CD00C1E759</key>
		<dict>
			<key>fileRef</key>
			<string>FAA26DBD1A1C13CD00C1E759</string>
			<key>isa</key>
			<string>PBXBuildFile</string>
		</dict>
		<key>FAA26DBF1A1C13CD00C1E759</key>
		<dict>
			<key>isa</key>
			<string>PBXFileReference</string>
			<key>lastKnownFileType</key>
			<string>wrapper.framework</string>
			<key>name</key>
			<string>CoreGraphics.framework</string>
			<key>path</key>
			<string>System/Library/Frameworks/CoreGraphics.framework</string>
			<key>sourceTree</key>
			<string>SDKROOT</string>
		</dict>
		<key>FAA26DC01A1C13CD00C1E759</key>
		<dict>
			<key>fileRef</key>
			<string>FAA26DBF1A1C13CD00C1E759</string>
			<key>isa</key>
			<string>PBXBuildFile</string>
		</dict>
		<key>FAA26DC11A1C13CD00C1E759</key>
		<dict>
			<key>isa</key>
			<string>PBXFileReference</string>
			<key>lastKnownFileType</key>
			<string>wrapper.framework</string>
			<key>name</key>
			<string>UIKit.framework</string>
			<key>path</key>
			<string>System/Library/Frameworks/UIKit.framework</string>
			<key>sourceTree</key>
			<string>SDKROOT</string>
		</dict>
		<key>FAA26DC21A1C13CD00C1E759</key>
		<dict>
			<key>fileRef</key>
			<string>FAA26DC11A1C13CD00C1E759</string>
			<key>isa</key>
			<string>PBXBuildFile</string>
		</dict>
		<key>FAA26DC31A1C13CD00C1E759</key>
		<dict>
			<key>children</key>
			<array>
				<string>FAA26DCC1A1C13CD00C1E759</string>
				<string>FAA26DCD1A1C13CD00C1E759</string>
				<string>FAA26DCF1A1C13CD00C1E759</string>
				<string>FAA26DD21A1C13CD00C1E759</string>
				<string>FAA26DD31A1C13CD00C1E759</string>
				<string>FAA26DD51A1C13CD00C1E759</string>
				<string>FAA26DC41A1C13CD00C1E759</string>
			</array>
			<key>isa</key>
			<string>PBXGroup</string>
			<key>path</key>
			<string>RSSReader</string>
			<key>sourceTree</key>
			<string>&lt;group&gt;</string>
		</dict>
		<key>FAA26DC41A1C13CD00C1E759</key>
		<dict>
			<key>children</key>
			<array>
				<string>FAA26DC51A1C13CD00C1E759</string>
				<string>FAA26DC61A1C13CD00C1E759</string>
				<string>FAA26DC91A1C13CD00C1E759</string>
				<string>FAA26DCB1A1C13CD00C1E759</string>
			</array>
			<key>isa</key>
			<string>PBXGroup</string>
			<key>name</key>
			<string>Supporting Files</string>
			<key>sourceTree</key>
			<string>&lt;group&gt;</string>
		</dict>
		<key>FAA26DC51A1C13CD00C1E759</key>
		<dict>
			<key>isa</key>
			<string>PBXFileReference</string>
			<key>lastKnownFileType</key>
			<string>text.plist.xml</string>
			<key>path</key>
			<string>RSSReader-Info.plist</string>
			<key>sourceTree</key>
			<string>&lt;group&gt;</string>
		</dict>
		<key>FAA26DC61A1C13CD00C1E759</key>
		<dict>
			<key>children</key>
			<array>
				<string>FAA26DC71A1C13CD00C1E759</string>
			</array>
			<key>isa</key>
			<string>PBXVariantGroup</string>
			<key>name</key>
			<string>InfoPlist.strings</string>
			<key>sourceTree</key>
			<string>&lt;group&gt;</string>
		</dict>
		<key>FAA26DC71A1C13CD00C1E759</key>
		<dict>
			<key>isa</key>
			<string>PBXFileReference</string>
			<key>lastKnownFileType</key>
			<string>text.plist.strings</string>
			<key>name</key>
			<string>en</string>
			<key>path</key>
			<string>en.lproj/InfoPlist.strings</string>
			<key>sourceTree</key>
			<string>&lt;group&gt;</string>
		</dict>
		<key>FAA26DC81A1C13CD00C1E759</key>
		<dict>
			<key>fileRef</key>
			<string>FAA26DC61A1C13CD00C1E759</string>
			<key>isa</key>
			<string>PBXBuildFile</string>
		</dict>
		<key>FAA26DC91A1C13CD00C1E759</key>
		<dict>
			<key>isa</key>
			<string>PBXFileReference</string>
			<key>lastKnownFileType</key>
			<string>sourcecode.c.objc</string>
			<key>path</key>
			<string>main.m</string>
			<key>sourceTree</key>
			<string>&lt;group&gt;</string>
		</dict>
		<key>FAA26DCA1A1C13CD00C1E759</key>
		<dict>
			<key>fileRef</key>
			<string>FAA26DC91A1C13CD00C1E759</string>
			<key>isa</key>
			<string>PBXBuildFile</string>
		</dict>
		<key>FAA26DCB1A1C13CD00C1E759</key>
		<dict>
			<key>isa</key>
			<string>PBXFileReference</string>
			<key>lastKnownFileType</key>
			<string>sourcecode.c.h</string>
			<key>path</key>
			<string>RSSReader-Prefix.pch</string>
			<key>sourceTree</key>
			<string>&lt;group&gt;</string>
		</dict>
		<key>FAA26DCC1A1C13CD00C1E759</key>
		<dict>
			<key>isa</key>
			<string>PBXFileReference</string>
			<key>lastKnownFileType</key>
			<string>sourcecode.c.h</string>
			<key>path</key>
			<string>AMAppDelegate.h</string>
			<key>sourceTree</key>
			<string>&lt;group&gt;</string>
		</dict>
		<key>FAA26DCD1A1C13CD00C1E759</key>
		<dict>
			<key>isa</key>
			<string>PBXFileReference</string>
			<key>lastKnownFileType</key>
			<string>sourcecode.c.objc</string>
			<key>path</key>
			<string>AMAppDelegate.m</string>
			<key>sourceTree</key>
			<string>&lt;group&gt;</string>
		</dict>
		<key>FAA26DCE1A1C13CD00C1E759</key>
		<dict>
			<key>fileRef</key>
			<string>FAA26DCD1A1C13CD00C1E759</string>
			<key>isa</key>
			<string>PBXBuildFile</string>
		</dict>
		<key>FAA26DCF1A1C13CD00C1E759</key>
		<dict>
			<key>children</key>
			<array>
				<string>FAA26DD01A1C13CD00C1E759</string>
			</array>
			<key>isa</key>
			<string>PBXVariantGroup</string>
			<key>name</key>
			<string>Main.storyboard</string>
			<key>sourceTree</key>
			<string>&lt;group&gt;</string>
		</dict>
		<key>FAA26DD01A1C13CD00C1E759</key>
		<dict>
			<key>isa</key>
			<string>PBXFileReference</string>
			<key>lastKnownFileType</key>
			<string>file.storyboard</string>
			<key>name</key>
			<string>Base</string>
			<key>path</key>
			<string>Base.lproj/Main.storyboard</string>
			<key>sourceTree</key>
			<string>&lt;group&gt;</string>
		</dict>
		<key>FAA26DD11A1C13CD00C1E759</key>
		<dict>
			<key>fileRef</key>
			<string>FAA26DCF1A1C13CD00C1E759</string>
			<key>isa</key>
			<string>PBXBuildFile</string>
		</dict>
		<key>FAA26DD21A1C13CD00C1E759</key>
		<dict>
			<key>isa</key>
			<string>PBXFileReference</string>
			<key>lastKnownFileType</key>
			<string>sourcecode.c.h</string>
			<key>path</key>
			<string>AMViewController.h</string>
			<key>sourceTree</key>
			<string>&lt;group&gt;</string>
		</dict>
		<key>FAA26DD31A1C13CD00C1E759</key>
		<dict>
			<key>isa</key>
			<string>PBXFileReference</string>
			<key>lastKnownFileType</key>
			<string>sourcecode.c.objc</string>
			<key>path</key>
			<string>AMViewController.m</string>
			<key>sourceTree</key>
			<string>&lt;group&gt;</string>
		</dict>
		<key>FAA26DD41A1C13CD00C1E759</key>
		<dict>
			<key>fileRef</key>
			<string>FAA26DD31A1C13CD00C1E759</string>
			<key>isa</key>
			<string>PBXBuildFile</string>
		</dict>
		<key>FAA26DD51A1C13CD00C1E759</key>
		<dict>
			<key>isa</key>
			<string>PBXFileReference</string>
			<key>lastKnownFileType</key>
			<string>folder.assetcatalog</string>
			<key>path</key>
			<string>Images.xcassets</string>
			<key>sourceTree</key>
			<string>&lt;group&gt;</string>
		</dict>
		<key>FAA26DD61A1C13CD00C1E759</key>
		<dict>
			<key>fileRef</key>
			<string>FAA26DD51A1C13CD00C1E759</string>
			<key>isa</key>
			<string>PBXBuildFile</string>
		</dict>
		<key>FAA26DD71A1C13CD00C1E759</key>
		<dict>
			<key>buildActionMask</key>
			<string>2147483647</string>
			<key>files</key>
			<array>
				<string>FAA26DE91A1C13CD00C1E759</string>
			</array>
			<key>isa</key>
			<string>PBXSourcesBuildPhase</string>
			<key>runOnlyForDeploymentPostprocessing</key>
			<string>0</string>
		</dict>
		<key>FAA26DD81A1C13CD00C1E759</key>
		<dict>
			<key>buildActionMask</key>
			<string>2147483647</string>
			<key>files</key>
			<array>
				<string>FAA26DDD1A1C13CD00C1E759</string>
				<string>FAA26DDF1A1C13CD00C1E759</string>
				<string>FAA26DDE1A1C13CD00C1E759</string>
			</array>
			<key>isa</key>
			<string>PBXFrameworksBuildPhase</string>
			<key>runOnlyForDeploymentPostprocessing</key>
			<string>0</string>
		</dict>
		<key>FAA26DD91A1C13CD00C1E759</key>
		<dict>
			<key>buildActionMask</key>
			<string>2147483647</string>
			<key>files</key>
			<array>
				<string>FAA26DE71A1C13CD00C1E759</string>
			</array>
			<key>isa</key>
			<string>PBXResourcesBuildPhase</string>
			<key>runOnlyForDeploymentPostprocessing</key>
			<string>0</string>
		</dict>
		<key>FAA26DDA1A1C13CD00C1E759</key>
		<dict>
			<key>buildConfigurationList</key>
			<string>FAA26DEF1A1C13CD00C1E759</string>
			<key>buildPhases</key>
			<array>
				<string>FAA26DD71A1C13CD00C1E759</string>
				<string>FAA26DD81A1C13CD00C1E759</string>
				<string>FAA26DD91A1C13CD00C1E759</string>
			</array>
			<key>buildRules</key>
			<array/>
			<key>dependencies</key>
			<array>
				<string>FAA26DE11A1C13CD00C1E759</string>
			</array>
			<key>isa</key>
			<string>PBXNativeTarget</string>
			<key>name</key>
			<string>RSSReaderTests</string>
			<key>productName</key>
			<string>RSSReaderTests</string>
			<key>productReference</key>
			<string>FAA26DDB1A1C13CD00C1E759</string>
			<key>productType</key>
			<string>com.apple.product-type.bundle.unit-test</string>
		</dict>
		<key>FAA26DDB1A1C13CD00C1E759</key>
		<dict>
			<key>explicitFileType</key>
			<string>wrapper.cfbundle</string>
			<key>includeInIndex</key>
			<string>0</string>
			<key>isa</key>
			<string>PBXFileReference</string>
			<key>path</key>
			<string>RSSReaderTests.xctest</string>
			<key>sourceTree</key>
			<string>BUILT_PRODUCTS_DIR</string>
		</dict>
		<key>FAA26DDC1A1C13CD00C1E759</key>
		<dict>
			<key>isa</key>
			<string>PBXFileReference</string>
			<key>lastKnownFileType</key>
			<string>wrapper.framework</string>
			<key>name</key>
			<string>XCTest.framework</string>
			<key>path</key>
			<string>Library/Frameworks/XCTest.framework</string>
			<key>sourceTree</key>
			<string>DEVELOPER_DIR</string>
		</dict>
		<key>FAA26DDD1A1C13CD00C1E759</key>
		<dict>
			<key>fileRef</key>
			<string>FAA26DDC1A1C13CD00C1E759</string>
			<key>isa</key>
			<string>PBXBuildFile</string>
		</dict>
		<key>FAA26DDE1A1C13CD00C1E759</key>
		<dict>
			<key>fileRef</key>
			<string>FAA26DBD1A1C13CD00C1E759</string>
			<key>isa</key>
			<string>PBXBuildFile</string>
		</dict>
		<key>FAA26DDF1A1C13CD00C1E759</key>
		<dict>
			<key>fileRef</key>
			<string>FAA26DC11A1C13CD00C1E759</string>
			<key>isa</key>
			<string>PBXBuildFile</string>
		</dict>
		<key>FAA26DE01A1C13CD00C1E759</key>
		<dict>
			<key>containerPortal</key>
			<string>FAA26DB21A1C13CD00C1E759</string>
			<key>isa</key>
			<string>PBXContainerItemProxy</string>
			<key>proxyType</key>
			<string>1</string>
			<key>remoteGlobalIDString</key>
			<string>FAA26DB91A1C13CD00C1E759</string>
			<key>remoteInfo</key>
			<string>RSSReader</string>
		</dict>
		<key>FAA26DE11A1C13CD00C1E759</key>
		<dict>
			<key>isa</key>
			<string>PBXTargetDependency</string>
			<key>target</key>
			<string>FAA26DB91A1C13CD00C1E759</string>
			<key>targetProxy</key>
			<string>FAA26DE01A1C13CD00C1E759</string>
		</dict>
		<key>FAA26DE21A1C13CD00C1E759</key>
		<dict>
			<key>children</key>
			<array>
				<string>FAA26DE81A1C13CD00C1E759</string>
				<string>FAA26DE31A1C13CD00C1E759</string>
			</array>
			<key>isa</key>
			<string>PBXGroup</string>
			<key>path</key>
			<string>RSSReaderTests</string>
			<key>sourceTree</key>
			<string>&lt;group&gt;</string>
		</dict>
		<key>FAA26DE31A1C13CD00C1E759</key>
		<dict>
			<key>children</key>
			<array>
				<string>FAA26DE41A1C13CD00C1E759</string>
				<string>FAA26DE51A1C13CD00C1E759</string>
			</array>
			<key>isa</key>
			<string>PBXGroup</string>
			<key>name</key>
			<string>Supporting Files</string>
			<key>sourceTree</key>
			<string>&lt;group&gt;</string>
		</dict>
		<key>FAA26DE41A1C13CD00C1E759</key>
		<dict>
			<key>isa</key>
			<string>PBXFileReference</string>
			<key>lastKnownFileType</key>
			<string>text.plist.xml</string>
			<key>path</key>
			<string>RSSReaderTests-Info.plist</string>
			<key>sourceTree</key>
			<string>&lt;group&gt;</string>
		</dict>
		<key>FAA26DE51A1C13CD00C1E759</key>
		<dict>
			<key>children</key>
			<array>
				<string>FAA26DE61A1C13CD00C1E759</string>
			</array>
			<key>isa</key>
			<string>PBXVariantGroup</string>
			<key>name</key>
			<string>InfoPlist.strings</string>
			<key>sourceTree</key>
			<string>&lt;group&gt;</string>
		</dict>
		<key>FAA26DE61A1C13CD00C1E759</key>
		<dict>
			<key>isa</key>
			<string>PBXFileReference</string>
			<key>lastKnownFileType</key>
			<string>text.plist.strings</string>
			<key>name</key>
			<string>en</string>
			<key>path</key>
			<string>en.lproj/InfoPlist.strings</string>
			<key>sourceTree</key>
			<string>&lt;group&gt;</string>
		</dict>
		<key>FAA26DE71A1C13CD00C1E759</key>
		<dict>
			<key>fileRef</key>
			<string>FAA26DE51A1C13CD00C1E759</string>
			<key>isa</key>
			<string>PBXBuildFile</string>
		</dict>
		<key>FAA26DE81A1C13CD00C1E759</key>
		<dict>
			<key>isa</key>
			<string>PBXFileReference</string>
			<key>lastKnownFileType</key>
			<string>sourcecode.c.objc</string>
			<key>path</key>
			<string>RSSReaderTests.m</string>
			<key>sourceTree</key>
			<string>&lt;group&gt;</string>
		</dict>
		<key>FAA26DE91A1C13CD00C1E759</key>
		<dict>
			<key>fileRef</key>
			<string>FAA26DE81A1C13CD00C1E759</string>
			<key>isa</key>
			<string>PBXBuildFile</string>
		</dict>
		<key>FAA26DEA1A1C13CD00C1E759</key>
		<dict>
			<key>buildSettings</key>
			<dict>
				<key>ALWAYS_SEARCH_USER_PATHS</key>
				<string>NO</string>
				<key>CLANG_CXX_LANGUAGE_STANDARD</key>
				<string>gnu++0x</string>
				<key>CLANG_CXX_LIBRARY</key>
				<string>libc++</string>
				<key>CLANG_ENABLE_MODULES</key>
				<string>YES</string>
				<key>CLANG_ENABLE_OBJC_ARC</key>
				<string>YES</string>
				<key>CLANG_WARN_BOOL_CONVERSION</key>
				<string>YES</string>
				<key>CLANG_WARN_CONSTANT_CONVERSION</key>
				<string>YES</string>
				<key>CLANG_WARN_DIRECT_OBJC_ISA_USAGE</key>
				<string>YES_ERROR</string>
				<key>CLANG_WARN_EMPTY_BODY</key>
				<string>YES</string>
				<key>CLANG_WARN_ENUM_CONVERSION</key>
				<string>YES</string>
				<key>CLANG_WARN_INT_CONVERSION</key>
				<string>YES</string>
				<key>CLANG_WARN_OBJC_ROOT_CLASS</key>
				<string>YES_ERROR</string>
				<key>CLANG_WARN__DUPLICATE_METHOD_MATCH</key>
				<string>YES</string>
				<key>CODE_SIGN_IDENTITY[sdk=iphoneos*]</key>
				<string>iPhone Developer</string>
				<key>COPY_PHASE_STRIP</key>
				<string>NO</string>
				<key>GCC_C_LANGUAGE_STANDARD</key>
				<string>gnu99</string>
				<key>GCC_DYNAMIC_NO_PIC</key>
				<string>NO</string>
				<key>GCC_OPTIMIZATION_LEVEL</key>
				<string>0</string>
				<key>GCC_PREPROCESSOR_DEFINITIONS</key>
				<array>
					<string>DEBUG=1</string>
					<string>$(inherited)</string>
				</array>
				<key>GCC_SYMBOLS_PRIVATE_EXTERN</key>
				<string>NO</string>
				<key>GCC_WARN_64_TO_32_BIT_CONVERSION</key>
				<string>YES</string>
				<key>GCC_WARN_ABOUT_RETURN_TYPE</key>
				<string>YES_ERROR</string>
				<key>GCC_WARN_UNDECLARED_SELECTOR</key>
				<string>YES</string>
				<key>GCC_WARN_UNINITIALIZED_AUTOS</key>
				<string>YES_AGGRESSIVE</string>
				<key>GCC_WARN_UNUSED_FUNCTION</key>
				<string>YES</string>
				<key>GCC_WARN_UNUSED_VARIABLE</key>
				<string>YES</string>
				<key>IPHONEOS_DEPLOYMENT_TARGET</key>
				<string>7.1</string>
				<key>ONLY_ACTIVE_ARCH</key>
				<string>YES</string>
				<key>SDKROOT</key>
				<string>iphoneos</string>
			</dict>
			<key>isa</key>
			<string>XCBuildConfiguration</string>
			<key>name</key>
			<string>Debug</string>
		</dict>
		<key>FAA26DEB1A1C13CD00C1E759</key>
		<dict>
			<key>buildSettings</key>
			<dict>
				<key>ALWAYS_SEARCH_USER_PATHS</key>
				<string>NO</string>
				<key>CLANG_CXX_LANGUAGE_STANDARD</key>
				<string>gnu++0x</string>
				<key>CLANG_CXX_LIBRARY</key>
				<string>libc++</string>
				<key>CLANG_ENABLE_MODULES</key>
				<string>YES</string>
				<key>CLANG_ENABLE_OBJC_ARC</key>
				<string>YES</string>
				<key>CLANG_WARN_BOOL_CONVERSION</key>
				<string>YES</string>
				<key>CLANG_WARN_CONSTANT_CONVERSION</key>
				<string>YES</string>
				<key>CLANG_WARN_DIRECT_OBJC_ISA_USAGE</key>
				<string>YES_ERROR</string>
				<key>CLANG_WARN_EMPTY_BODY</key>
				<string>YES</string>
				<key>CLANG_WARN_ENUM_CONVERSION</key>
				<string>YES</string>
				<key>CLANG_WARN_INT_CONVERSION</key>
				<string>YES</string>
				<key>CLANG_WARN_OBJC_ROOT_CLASS</key>
				<string>YES_ERROR</string>
				<key>CLANG_WARN__DUPLICATE_METHOD_MATCH</key>
				<string>YES</string>
				<key>CODE_SIGN_IDENTITY[sdk=iphoneos*]</key>
				<string>iPhone Developer</string>
				<key>COPY_PHASE_STRIP</key>
				<string>YES</string>
				<key>ENABLE_NS_ASSERTIONS</key>
				<string>NO</string>
				<key>GCC_C_LANGUAGE_STANDARD</key>
				<string>gnu99</string>
				<key>GCC_WARN_64_TO_32_BIT_CONVERSION</key>
				<string>YES</string>
				<key>GCC_WARN_ABOUT_RETURN_TYPE</key>
				<string>YES_ERROR</string>
				<key>GCC_WARN_UNDECLARED_SELECTOR</key>
				<string>YES</string>
				<key>GCC_WARN_UNINITIALIZED_AUTOS</key>
				<string>YES_AGGRESSIVE</string>
				<key>GCC_WARN_UNUSED_FUNCTION</key>
				<string>YES</string>
				<key>GCC_WARN_UNUSED_VARIABLE</key>
				<string>YES</string>
				<key>IPHONEOS_DEPLOYMENT_TARGET</key>
				<string>7.1</string>
				<key>SDKROOT</key>
				<string>iphoneos</string>
				<key>VALIDATE_PRODUCT</key>
				<string>YES</string>
			</dict>
			<key>isa</key>
			<string>XCBuildConfiguration</string>
			<key>name</key>
			<string>Release</string>
		</dict>
		<key>FAA26DEC1A1C13CD00C1E759</key>
		<dict>
			<key>buildConfigurations</key>
			<array>
				<string>FAA26DED1A1C13CD00C1E759</string>
				<string>FAA26DEE1A1C13CD00C1E759</string>
			</array>
			<key>defaultConfigurationIsVisible</key>
			<string>0</string>
			<key>isa</key>
			<string>XCConfigurationList</string>
		</dict>
		<key>FAA26DED1A1C13CD00C1E759</key>
		<dict>
			<key>baseConfigurationReference</key>
			<string>D5FCABF7E81F3417A22FA6C2</string>
			<key>buildSettings</key>
			<dict>
				<key>ASSETCATALOG_COMPILER_APPICON_NAME</key>
				<string>AppIcon</string>
				<key>ASSETCATALOG_COMPILER_LAUNCHIMAGE_NAME</key>
				<string>LaunchImage</string>
				<key>GCC_PRECOMPILE_PREFIX_HEADER</key>
				<string>YES</string>
				<key>GCC_PREFIX_HEADER</key>
				<string>RSSReader/RSSReader-Prefix.pch</string>
				<key>INFOPLIST_FILE</key>
				<string>RSSReader/RSSReader-Info.plist</string>
				<key>PRODUCT_NAME</key>
				<string>$(TARGET_NAME)</string>
				<key>WRAPPER_EXTENSION</key>
				<string>app</string>
			</dict>
			<key>isa</key>
			<string>XCBuildConfiguration</string>
			<key>name</key>
			<string>Debug</string>
		</dict>
		<key>FAA26DEE1A1C13CD00C1E759</key>
		<dict>
			<key>baseConfigurationReference</key>
			<string>E59C338037BB3BD781D11215</string>
			<key>buildSettings</key>
			<dict>
				<key>ASSETCATALOG_COMPILER_APPICON_NAME</key>
				<string>AppIcon</string>
				<key>ASSETCATALOG_COMPILER_LAUNCHIMAGE_NAME</key>
				<string>LaunchImage</string>
				<key>GCC_PRECOMPILE_PREFIX_HEADER</key>
				<string>YES</string>
				<key>GCC_PREFIX_HEADER</key>
				<string>RSSReader/RSSReader-Prefix.pch</string>
				<key>INFOPLIST_FILE</key>
				<string>RSSReader/RSSReader-Info.plist</string>
				<key>PRODUCT_NAME</key>
				<string>$(TARGET_NAME)</string>
				<key>WRAPPER_EXTENSION</key>
				<string>app</string>
			</dict>
			<key>isa</key>
			<string>XCBuildConfiguration</string>
			<key>name</key>
			<string>Release</string>
		</dict>
		<key>FAA26DEF1A1C13CD00C1E759</key>
		<dict>
			<key>buildConfigurations</key>
			<array>
				<string>FAA26DF01A1C13CD00C1E759</string>
				<string>FAA26DF11A1C13CD00C1E759</string>
			</array>
			<key>defaultConfigurationIsVisible</key>
			<string>0</string>
			<key>isa</key>
			<string>XCConfigurationList</string>
		</dict>
		<key>FAA26DF01A1C13CD00C1E759</key>
		<dict>
			<key>buildSettings</key>
			<dict>
				<key>BUNDLE_LOADER</key>
				<string>$(BUILT_PRODUCTS_DIR)/RSSReader.app/RSSReader</string>
				<key>FRAMEWORK_SEARCH_PATHS</key>
				<array>
					<string>$(SDKROOT)/Developer/Library/Frameworks</string>
					<string>$(inherited)</string>
					<string>$(DEVELOPER_FRAMEWORKS_DIR)</string>
				</array>
				<key>GCC_PRECOMPILE_PREFIX_HEADER</key>
				<string>YES</string>
				<key>GCC_PREFIX_HEADER</key>
				<string>RSSReader/RSSReader-Prefix.pch</string>
				<key>GCC_PREPROCESSOR_DEFINITIONS</key>
				<array>
					<string>DEBUG=1</string>
					<string>$(inherited)</string>
				</array>
				<key>INFOPLIST_FILE</key>
				<string>RSSReaderTests/RSSReaderTests-Info.plist</string>
				<key>PRODUCT_NAME</key>
				<string>$(TARGET_NAME)</string>
				<key>TEST_HOST</key>
				<string>$(BUNDLE_LOADER)</string>
				<key>WRAPPER_EXTENSION</key>
				<string>xctest</string>
			</dict>
			<key>isa</key>
			<string>XCBuildConfiguration</string>
			<key>name</key>
			<string>Debug</string>
		</dict>
		<key>FAA26DF11A1C13CD00C1E759</key>
		<dict>
			<key>buildSettings</key>
			<dict>
				<key>BUNDLE_LOADER</key>
				<string>$(BUILT_PRODUCTS_DIR)/RSSReader.app/RSSReader</string>
				<key>FRAMEWORK_SEARCH_PATHS</key>
				<array>
					<string>$(SDKROOT)/Developer/Library/Frameworks</string>
					<string>$(inherited)</string>
					<string>$(DEVELOPER_FRAMEWORKS_DIR)</string>
				</array>
				<key>GCC_PRECOMPILE_PREFIX_HEADER</key>
				<string>YES</string>
				<key>GCC_PREFIX_HEADER</key>
				<string>RSSReader/RSSReader-Prefix.pch</string>
				<key>INFOPLIST_FILE</key>
				<string>RSSReaderTests/RSSReaderTests-Info.plist</string>
				<key>PRODUCT_NAME</key>
				<string>$(TARGET_NAME)</string>
				<key>TEST_HOST</key>
				<string>$(BUNDLE_LOADER)</string>
				<key>WRAPPER_EXTENSION</key>
				<string>xctest</string>
			</dict>
			<key>isa</key>
			<string>XCBuildConfiguration</string>
			<key>name</key>
			<string>Release</string>
		</dict>
	</dict>
	<key>rootObject</key>
	<string>FAA26DB21A1C13CD00C1E759</string>
</dict>
</plist>
